// !$*UTF8*$!
{
	archiveVersion = 1;
	classes = {
	};
	objectVersion = 48;
	objects = {

/* Begin PBXBuildFile section */
		840C15D62090523200715A95 /* AppDelegate.swift in Sources */ = {isa = PBXBuildFile; fileRef = 840C15D52090523200715A95 /* AppDelegate.swift */; };
		840C15D82090523200715A95 /* ViewController.swift in Sources */ = {isa = PBXBuildFile; fileRef = 840C15D72090523200715A95 /* ViewController.swift */; };
		840C15DB2090523200715A95 /* Main.storyboard in Resources */ = {isa = PBXBuildFile; fileRef = 840C15D92090523200715A95 /* Main.storyboard */; };
		840C15DD2090523200715A95 /* Assets.xcassets in Resources */ = {isa = PBXBuildFile; fileRef = 840C15DC2090523200715A95 /* Assets.xcassets */; };
		840C15E02090523200715A95 /* LaunchScreen.storyboard in Resources */ = {isa = PBXBuildFile; fileRef = 840C15DE2090523200715A95 /* LaunchScreen.storyboard */; };
		840C15EB2090523200715A95 /* stretch_timerTests.swift in Sources */ = {isa = PBXBuildFile; fileRef = 840C15EA2090523200715A95 /* stretch_timerTests.swift */; };
		840C15F62090523200715A95 /* stretch_timerUITests.swift in Sources */ = {isa = PBXBuildFile; fileRef = 840C15F52090523200715A95 /* stretch_timerUITests.swift */; };
		842228FE20AADF0300961F83 /* timer2.png in Resources */ = {isa = PBXBuildFile; fileRef = 842228FD20AADF0200961F83 /* timer2.png */; };
		8422290220AAE03000961F83 /* timer3.png in Resources */ = {isa = PBXBuildFile; fileRef = 8422290120AAE02D00961F83 /* timer3.png */; };
		8422290420AAEBD800961F83 /* にんげん.png in Resources */ = {isa = PBXBuildFile; fileRef = 8422290320AAEBD100961F83 /* にんげん.png */; };
		8425739920931A3900CCFB7F /* ProfileViewController.swift in Sources */ = {isa = PBXBuildFile; fileRef = 8425739820931A3900CCFB7F /* ProfileViewController.swift */; };
		8425749420A30F8800CCFB7F /* TimerViewController.swift in Sources */ = {isa = PBXBuildFile; fileRef = 8425749320A30F8800CCFB7F /* TimerViewController.swift */; };
		847B1B2020A5A7B100FDF921 /* CAMELIAE.TTF in Resources */ = {isa = PBXBuildFile; fileRef = 847B1B1F20A5A78D00FDF921 /* CAMELIAE.TTF */; };
		847B1B9820A6BFDC00FDF921 /* MAN.png in Resources */ = {isa = PBXBuildFile; fileRef = 847B1B9720A6BFDC00FDF921 /* MAN.png */; };
		847B1B9A20A6C10D00FDF921 /* 女.png in Resources */ = {isa = PBXBuildFile; fileRef = 847B1B9920A6C10C00FDF921 /* 女.png */; };
		847B1B9C20A6C24200FDF921 /* genderViewController.swift in Sources */ = {isa = PBXBuildFile; fileRef = 847B1B9B20A6C24200FDF921 /* genderViewController.swift */; };
		847B1B9E20A6CDEA00FDF921 /* timer2ViewController.swift in Sources */ = {isa = PBXBuildFile; fileRef = 847B1B9D20A6CDEA00FDF921 /* timer2ViewController.swift */; };
		847B1BA020A6D13800FDF921 /* timerselectViewController.swift in Sources */ = {isa = PBXBuildFile; fileRef = 847B1B9F20A6D13800FDF921 /* timerselectViewController.swift */; };
		847B1BA720A6D66600FDF921 /* Summer Font Light.otf in Resources */ = {isa = PBXBuildFile; fileRef = 847B1BA620A6D66500FDF921 /* Summer Font Light.otf */; };
		847B1BA920A6D78800FDF921 /* timer3ViewController.swift in Sources */ = {isa = PBXBuildFile; fileRef = 847B1BA820A6D78800FDF921 /* timer3ViewController.swift */; };
		84E78D9420A75D7800C3780A /* Profile2ViewController.swift in Sources */ = {isa = PBXBuildFile; fileRef = 84E78D9320A75D7800C3780A /* Profile2ViewController.swift */; };
		84E78D9A20A84B0E00C3780A /* ハート色.png in Resources */ = {isa = PBXBuildFile; fileRef = 84E78D9920A84B0E00C3780A /* ハート色.png */; };
		84E78D9E20A84B9500C3780A /* Audrey-Normal.otf in Resources */ = {isa = PBXBuildFile; fileRef = 84E78D9D20A84B9400C3780A /* Audrey-Normal.otf */; };
		84E78DA220A84F7200C3780A /* ハート色3.png in Resources */ = {isa = PBXBuildFile; fileRef = 84E78DA120A84F6F00C3780A /* ハート色3.png */; };
		84E78DA420A8500800C3780A /* ハート色shiro.png in Resources */ = {isa = PBXBuildFile; fileRef = 84E78DA320A8500500C3780A /* ハート色shiro.png */; };
		84E78DA620A853BF00C3780A /* timer4ViewController.swift in Sources */ = {isa = PBXBuildFile; fileRef = 84E78DA520A853BF00C3780A /* timer4ViewController.swift */; };
		84E78DA820A986FA00C3780A /* Nexa Light.otf in Resources */ = {isa = PBXBuildFile; fileRef = 84E78DA720A986F900C3780A /* Nexa Light.otf */; };
		84E78DAA20A9889400C3780A /* Nexa Bold.otf in Resources */ = {isa = PBXBuildFile; fileRef = 84E78DA920A9889100C3780A /* Nexa Bold.otf */; };
		84E78DAC20A98F1000C3780A /* timer5ViewController.swift in Sources */ = {isa = PBXBuildFile; fileRef = 84E78DAB20A98F1000C3780A /* timer5ViewController.swift */; };
		84E78DB420AAD99B00C3780A /* icon.png in Resources */ = {isa = PBXBuildFile; fileRef = 84E78DB320AAD99B00C3780A /* icon.png */; };
		84E78DB820AADD7700C3780A /* timer1.png in Resources */ = {isa = PBXBuildFile; fileRef = 84E78DB720AADD7100C3780A /* timer1.png */; };
		983E2C863B2CA21727670B0A /* Pods_stretch_timerUITests.framework in Frameworks */ = {isa = PBXBuildFile; fileRef = 76F0CC95096946E02F8FDBBE /* Pods_stretch_timerUITests.framework */; };
		D335208ADC61233FFBB7B994 /* Pods_stretch_timer.framework in Frameworks */ = {isa = PBXBuildFile; fileRef = 4073D01A26FA622D2225C400 /* Pods_stretch_timer.framework */; };
		E94CB890285C2F67385FBFD8 /* Pods_stretch_timerTests.framework in Frameworks */ = {isa = PBXBuildFile; fileRef = 252060E44FB6C0985783DDD6 /* Pods_stretch_timerTests.framework */; };
/* End PBXBuildFile section */

/* Begin PBXContainerItemProxy section */
		840C15E72090523200715A95 /* PBXContainerItemProxy */ = {
			isa = PBXContainerItemProxy;
			containerPortal = 840C15CA2090523200715A95 /* Project object */;
			proxyType = 1;
			remoteGlobalIDString = 840C15D12090523200715A95;
			remoteInfo = "stretch timer";
		};
		840C15F22090523200715A95 /* PBXContainerItemProxy */ = {
			isa = PBXContainerItemProxy;
			containerPortal = 840C15CA2090523200715A95 /* Project object */;
			proxyType = 1;
			remoteGlobalIDString = 840C15D12090523200715A95;
			remoteInfo = "stretch timer";
		};
/* End PBXContainerItemProxy section */

/* Begin PBXFileReference section */
		252060E44FB6C0985783DDD6 /* Pods_stretch_timerTests.framework */ = {isa = PBXFileReference; explicitFileType = wrapper.framework; includeInIndex = 0; path = Pods_stretch_timerTests.framework; sourceTree = BUILT_PRODUCTS_DIR; };
		4073D01A26FA622D2225C400 /* Pods_stretch_timer.framework */ = {isa = PBXFileReference; explicitFileType = wrapper.framework; includeInIndex = 0; path = Pods_stretch_timer.framework; sourceTree = BUILT_PRODUCTS_DIR; };
		76F0CC95096946E02F8FDBBE /* Pods_stretch_timerUITests.framework */ = {isa = PBXFileReference; explicitFileType = wrapper.framework; includeInIndex = 0; path = Pods_stretch_timerUITests.framework; sourceTree = BUILT_PRODUCTS_DIR; };
		840C15D22090523200715A95 /* stretch timer.app */ = {isa = PBXFileReference; explicitFileType = wrapper.application; includeInIndex = 0; path = "stretch timer.app"; sourceTree = BUILT_PRODUCTS_DIR; };
		840C15D52090523200715A95 /* AppDelegate.swift */ = {isa = PBXFileReference; lastKnownFileType = sourcecode.swift; path = AppDelegate.swift; sourceTree = "<group>"; };
		840C15D72090523200715A95 /* ViewController.swift */ = {isa = PBXFileReference; lastKnownFileType = sourcecode.swift; path = ViewController.swift; sourceTree = "<group>"; };
		840C15DA2090523200715A95 /* Base */ = {isa = PBXFileReference; lastKnownFileType = file.storyboard; name = Base; path = Base.lproj/Main.storyboard; sourceTree = "<group>"; };
		840C15DC2090523200715A95 /* Assets.xcassets */ = {isa = PBXFileReference; lastKnownFileType = folder.assetcatalog; path = Assets.xcassets; sourceTree = "<group>"; };
		840C15DF2090523200715A95 /* Base */ = {isa = PBXFileReference; lastKnownFileType = file.storyboard; name = Base; path = Base.lproj/LaunchScreen.storyboard; sourceTree = "<group>"; };
		840C15E12090523200715A95 /* Info.plist */ = {isa = PBXFileReference; lastKnownFileType = text.plist.xml; path = Info.plist; sourceTree = "<group>"; };
		840C15E62090523200715A95 /* stretch timerTests.xctest */ = {isa = PBXFileReference; explicitFileType = wrapper.cfbundle; includeInIndex = 0; path = "stretch timerTests.xctest"; sourceTree = BUILT_PRODUCTS_DIR; };
		840C15EA2090523200715A95 /* stretch_timerTests.swift */ = {isa = PBXFileReference; lastKnownFileType = sourcecode.swift; path = stretch_timerTests.swift; sourceTree = "<group>"; };
		840C15EC2090523200715A95 /* Info.plist */ = {isa = PBXFileReference; lastKnownFileType = text.plist.xml; path = Info.plist; sourceTree = "<group>"; };
		840C15F12090523200715A95 /* stretch timerUITests.xctest */ = {isa = PBXFileReference; explicitFileType = wrapper.cfbundle; includeInIndex = 0; path = "stretch timerUITests.xctest"; sourceTree = BUILT_PRODUCTS_DIR; };
		840C15F52090523200715A95 /* stretch_timerUITests.swift */ = {isa = PBXFileReference; lastKnownFileType = sourcecode.swift; path = stretch_timerUITests.swift; sourceTree = "<group>"; };
		840C15F72090523200715A95 /* Info.plist */ = {isa = PBXFileReference; lastKnownFileType = text.plist.xml; path = Info.plist; sourceTree = "<group>"; };
		842228FD20AADF0200961F83 /* timer2.png */ = {isa = PBXFileReference; lastKnownFileType = image.png; path = timer2.png; sourceTree = "<group>"; };
		8422290120AAE02D00961F83 /* timer3.png */ = {isa = PBXFileReference; lastKnownFileType = image.png; path = timer3.png; sourceTree = "<group>"; };
		8422290320AAEBD100961F83 /* にんげん.png */ = {isa = PBXFileReference; lastKnownFileType = image.png; path = "にんげん.png"; sourceTree = "<group>"; };
		8425739820931A3900CCFB7F /* ProfileViewController.swift */ = {isa = PBXFileReference; lastKnownFileType = sourcecode.swift; path = ProfileViewController.swift; sourceTree = "<group>"; };
		8425749320A30F8800CCFB7F /* TimerViewController.swift */ = {isa = PBXFileReference; lastKnownFileType = sourcecode.swift; path = TimerViewController.swift; sourceTree = "<group>"; };
		847B1B1F20A5A78D00FDF921 /* CAMELIAE.TTF */ = {isa = PBXFileReference; lastKnownFileType = file; path = CAMELIAE.TTF; sourceTree = "<group>"; };
		847B1B9720A6BFDC00FDF921 /* MAN.png */ = {isa = PBXFileReference; lastKnownFileType = image.png; path = MAN.png; sourceTree = "<group>"; };
		847B1B9920A6C10C00FDF921 /* 女.png */ = {isa = PBXFileReference; lastKnownFileType = image.png; path = "女.png"; sourceTree = "<group>"; };
		847B1B9B20A6C24200FDF921 /* genderViewController.swift */ = {isa = PBXFileReference; lastKnownFileType = sourcecode.swift; path = genderViewController.swift; sourceTree = "<group>"; };
		847B1B9D20A6CDEA00FDF921 /* timer2ViewController.swift */ = {isa = PBXFileReference; lastKnownFileType = sourcecode.swift; path = timer2ViewController.swift; sourceTree = "<group>"; };
		847B1B9F20A6D13800FDF921 /* timerselectViewController.swift */ = {isa = PBXFileReference; lastKnownFileType = sourcecode.swift; path = timerselectViewController.swift; sourceTree = "<group>"; };
		847B1BA620A6D66500FDF921 /* Summer Font Light.otf */ = {isa = PBXFileReference; lastKnownFileType = file; path = "Summer Font Light.otf"; sourceTree = "<group>"; };
		847B1BA820A6D78800FDF921 /* timer3ViewController.swift */ = {isa = PBXFileReference; lastKnownFileType = sourcecode.swift; path = timer3ViewController.swift; sourceTree = "<group>"; };
		84E78D9320A75D7800C3780A /* Profile2ViewController.swift */ = {isa = PBXFileReference; lastKnownFileType = sourcecode.swift; path = Profile2ViewController.swift; sourceTree = "<group>"; };
		84E78D9920A84B0E00C3780A /* ハート色.png */ = {isa = PBXFileReference; lastKnownFileType = image.png; path = "ハート色.png"; sourceTree = "<group>"; };
		84E78D9D20A84B9400C3780A /* Audrey-Normal.otf */ = {isa = PBXFileReference; lastKnownFileType = file; path = "Audrey-Normal.otf"; sourceTree = "<group>"; };
		84E78DA120A84F6F00C3780A /* ハート色3.png */ = {isa = PBXFileReference; lastKnownFileType = image.png; path = "ハート色3.png"; sourceTree = "<group>"; };
		84E78DA320A8500500C3780A /* ハート色shiro.png */ = {isa = PBXFileReference; lastKnownFileType = image.png; path = "ハート色shiro.png"; sourceTree = "<group>"; };
		84E78DA520A853BF00C3780A /* timer4ViewController.swift */ = {isa = PBXFileReference; lastKnownFileType = sourcecode.swift; path = timer4ViewController.swift; sourceTree = "<group>"; };
		84E78DA720A986F900C3780A /* Nexa Light.otf */ = {isa = PBXFileReference; lastKnownFileType = file; path = "Nexa Light.otf"; sourceTree = "<group>"; };
		84E78DA920A9889100C3780A /* Nexa Bold.otf */ = {isa = PBXFileReference; lastKnownFileType = file; path = "Nexa Bold.otf"; sourceTree = "<group>"; };
		84E78DAB20A98F1000C3780A /* timer5ViewController.swift */ = {isa = PBXFileReference; lastKnownFileType = sourcecode.swift; path = timer5ViewController.swift; sourceTree = "<group>"; };
		84E78DB320AAD99B00C3780A /* icon.png */ = {isa = PBXFileReference; lastKnownFileType = image.png; path = icon.png; sourceTree = "<group>"; };
		84E78DB720AADD7100C3780A /* timer1.png */ = {isa = PBXFileReference; lastKnownFileType = image.png; path = timer1.png; sourceTree = "<group>"; };
		85AA92F78695BEBD12C86F8F /* Pods-stretch timer.release.xcconfig */ = {isa = PBXFileReference; includeInIndex = 1; lastKnownFileType = text.xcconfig; name = "Pods-stretch timer.release.xcconfig"; path = "Pods/Target Support Files/Pods-stretch timer/Pods-stretch timer.release.xcconfig"; sourceTree = "<group>"; };
		A754E25EBD3D0D8E6509A3BB /* Pods-stretch timerTests.release.xcconfig */ = {isa = PBXFileReference; includeInIndex = 1; lastKnownFileType = text.xcconfig; name = "Pods-stretch timerTests.release.xcconfig"; path = "Pods/Target Support Files/Pods-stretch timerTests/Pods-stretch timerTests.release.xcconfig"; sourceTree = "<group>"; };
		C03206369B915281E234EE2B /* Pods-stretch timerUITests.release.xcconfig */ = {isa = PBXFileReference; includeInIndex = 1; lastKnownFileType = text.xcconfig; name = "Pods-stretch timerUITests.release.xcconfig"; path = "Pods/Target Support Files/Pods-stretch timerUITests/Pods-stretch timerUITests.release.xcconfig"; sourceTree = "<group>"; };
		C3C02A727891B1266ECDCF31 /* Pods-stretch timerUITests.debug.xcconfig */ = {isa = PBXFileReference; includeInIndex = 1; lastKnownFileType = text.xcconfig; name = "Pods-stretch timerUITests.debug.xcconfig"; path = "Pods/Target Support Files/Pods-stretch timerUITests/Pods-stretch timerUITests.debug.xcconfig"; sourceTree = "<group>"; };
		CF775C5FA1345B350B3AB14B /* Pods-stretch timerTests.debug.xcconfig */ = {isa = PBXFileReference; includeInIndex = 1; lastKnownFileType = text.xcconfig; name = "Pods-stretch timerTests.debug.xcconfig"; path = "Pods/Target Support Files/Pods-stretch timerTests/Pods-stretch timerTests.debug.xcconfig"; sourceTree = "<group>"; };
		D1AB5D1617D2BA5E4DD70B15 /* Pods-stretch timer.debug.xcconfig */ = {isa = PBXFileReference; includeInIndex = 1; lastKnownFileType = text.xcconfig; name = "Pods-stretch timer.debug.xcconfig"; path = "Pods/Target Support Files/Pods-stretch timer/Pods-stretch timer.debug.xcconfig"; sourceTree = "<group>"; };
/* End PBXFileReference section */

/* Begin PBXFrameworksBuildPhase section */
		840C15CF2090523200715A95 /* Frameworks */ = {
			isa = PBXFrameworksBuildPhase;
			buildActionMask = 2147483647;
			files = (
				D335208ADC61233FFBB7B994 /* Pods_stretch_timer.framework in Frameworks */,
			);
			runOnlyForDeploymentPostprocessing = 0;
		};
		840C15E32090523200715A95 /* Frameworks */ = {
			isa = PBXFrameworksBuildPhase;
			buildActionMask = 2147483647;
			files = (
				E94CB890285C2F67385FBFD8 /* Pods_stretch_timerTests.framework in Frameworks */,
			);
			runOnlyForDeploymentPostprocessing = 0;
		};
		840C15EE2090523200715A95 /* Frameworks */ = {
			isa = PBXFrameworksBuildPhase;
			buildActionMask = 2147483647;
			files = (
				983E2C863B2CA21727670B0A /* Pods_stretch_timerUITests.framework in Frameworks */,
			);
			runOnlyForDeploymentPostprocessing = 0;
		};
/* End PBXFrameworksBuildPhase section */

/* Begin PBXGroup section */
		840C15C92090523200715A95 = {
			isa = PBXGroup;
			children = (
				840C15D42090523200715A95 /* stretch timer */,
				840C15E92090523200715A95 /* stretch timerTests */,
				840C15F42090523200715A95 /* stretch timerUITests */,
				840C15D32090523200715A95 /* Products */,
				DFEB13B7E5DE9FF6F70C3299 /* Pods */,
				F0001E143618227FD1DC7D38 /* Frameworks */,
			);
			sourceTree = "<group>";
		};
		840C15D32090523200715A95 /* Products */ = {
			isa = PBXGroup;
			children = (
				840C15D22090523200715A95 /* stretch timer.app */,
				840C15E62090523200715A95 /* stretch timerTests.xctest */,
				840C15F12090523200715A95 /* stretch timerUITests.xctest */,
			);
			name = Products;
			sourceTree = "<group>";
		};
		840C15D42090523200715A95 /* stretch timer */ = {
			isa = PBXGroup;
			children = (
				847B1B1F20A5A78D00FDF921 /* CAMELIAE.TTF */,
				84E78DA720A986F900C3780A /* Nexa Light.otf */,
				84E78DB720AADD7100C3780A /* timer1.png */,
				84E78DB320AAD99B00C3780A /* icon.png */,
				84E78DA920A9889100C3780A /* Nexa Bold.otf */,
				8422290120AAE02D00961F83 /* timer3.png */,
				842228FD20AADF0200961F83 /* timer2.png */,
				84E78D9D20A84B9400C3780A /* Audrey-Normal.otf */,
				84E78D9920A84B0E00C3780A /* ハート色.png */,
				847B1BA620A6D66500FDF921 /* Summer Font Light.otf */,
				8422290320AAEBD100961F83 /* にんげん.png */,
				84E78DA120A84F6F00C3780A /* ハート色3.png */,
				84E78DA320A8500500C3780A /* ハート色shiro.png */,
				847B1B9920A6C10C00FDF921 /* 女.png */,
				847B1B9720A6BFDC00FDF921 /* MAN.png */,
				840C15D52090523200715A95 /* AppDelegate.swift */,
				840C15D72090523200715A95 /* ViewController.swift */,
				840C15D92090523200715A95 /* Main.storyboard */,
				847B1B9B20A6C24200FDF921 /* genderViewController.swift */,
				8425739820931A3900CCFB7F /* ProfileViewController.swift */,
				84E78D9320A75D7800C3780A /* Profile2ViewController.swift */,
				847B1B9F20A6D13800FDF921 /* timerselectViewController.swift */,
				8425749320A30F8800CCFB7F /* TimerViewController.swift */,
				847B1B9D20A6CDEA00FDF921 /* timer2ViewController.swift */,
				847B1BA820A6D78800FDF921 /* timer3ViewController.swift */,
				84E78DA520A853BF00C3780A /* timer4ViewController.swift */,
				84E78DAB20A98F1000C3780A /* timer5ViewController.swift */,
				840C15DC2090523200715A95 /* Assets.xcassets */,
				840C15DE2090523200715A95 /* LaunchScreen.storyboard */,
				840C15E12090523200715A95 /* Info.plist */,
			);
			path = "stretch timer";
			sourceTree = "<group>";
		};
		840C15E92090523200715A95 /* stretch timerTests */ = {
			isa = PBXGroup;
			children = (
				840C15EA2090523200715A95 /* stretch_timerTests.swift */,
				840C15EC2090523200715A95 /* Info.plist */,
			);
			path = "stretch timerTests";
			sourceTree = "<group>";
		};
		840C15F42090523200715A95 /* stretch timerUITests */ = {
			isa = PBXGroup;
			children = (
				840C15F52090523200715A95 /* stretch_timerUITests.swift */,
				840C15F72090523200715A95 /* Info.plist */,
			);
			path = "stretch timerUITests";
			sourceTree = "<group>";
		};
		DFEB13B7E5DE9FF6F70C3299 /* Pods */ = {
			isa = PBXGroup;
			children = (
				D1AB5D1617D2BA5E4DD70B15 /* Pods-stretch timer.debug.xcconfig */,
				85AA92F78695BEBD12C86F8F /* Pods-stretch timer.release.xcconfig */,
				CF775C5FA1345B350B3AB14B /* Pods-stretch timerTests.debug.xcconfig */,
				A754E25EBD3D0D8E6509A3BB /* Pods-stretch timerTests.release.xcconfig */,
				C3C02A727891B1266ECDCF31 /* Pods-stretch timerUITests.debug.xcconfig */,
				C03206369B915281E234EE2B /* Pods-stretch timerUITests.release.xcconfig */,
			);
			name = Pods;
			sourceTree = "<group>";
		};
		F0001E143618227FD1DC7D38 /* Frameworks */ = {
			isa = PBXGroup;
			children = (
				4073D01A26FA622D2225C400 /* Pods_stretch_timer.framework */,
				252060E44FB6C0985783DDD6 /* Pods_stretch_timerTests.framework */,
				76F0CC95096946E02F8FDBBE /* Pods_stretch_timerUITests.framework */,
			);
			name = Frameworks;
			sourceTree = "<group>";
		};
/* End PBXGroup section */

/* Begin PBXNativeTarget section */
		840C15D12090523200715A95 /* stretch timer */ = {
			isa = PBXNativeTarget;
			buildConfigurationList = 840C15FA2090523200715A95 /* Build configuration list for PBXNativeTarget "stretch timer" */;
			buildPhases = (
				FB072660098B4619F4CAB6B2 /* [CP] Check Pods Manifest.lock */,
				840C15CE2090523200715A95 /* Sources */,
				840C15CF2090523200715A95 /* Frameworks */,
				840C15D02090523200715A95 /* Resources */,
				6BB69F4C34816909F2556E0B /* [CP] Embed Pods Frameworks */,
			);
			buildRules = (
			);
			dependencies = (
			);
			name = "stretch timer";
			productName = "stretch timer";
			productReference = 840C15D22090523200715A95 /* stretch timer.app */;
			productType = "com.apple.product-type.application";
		};
		840C15E52090523200715A95 /* stretch timerTests */ = {
			isa = PBXNativeTarget;
			buildConfigurationList = 840C15FD2090523200715A95 /* Build configuration list for PBXNativeTarget "stretch timerTests" */;
			buildPhases = (
				D09216F5A813EAF3C87ABE37 /* [CP] Check Pods Manifest.lock */,
				840C15E22090523200715A95 /* Sources */,
				840C15E32090523200715A95 /* Frameworks */,
				840C15E42090523200715A95 /* Resources */,
			);
			buildRules = (
			);
			dependencies = (
				840C15E82090523200715A95 /* PBXTargetDependency */,
			);
			name = "stretch timerTests";
			productName = "stretch timerTests";
			productReference = 840C15E62090523200715A95 /* stretch timerTests.xctest */;
			productType = "com.apple.product-type.bundle.unit-test";
		};
		840C15F02090523200715A95 /* stretch timerUITests */ = {
			isa = PBXNativeTarget;
			buildConfigurationList = 840C16002090523200715A95 /* Build configuration list for PBXNativeTarget "stretch timerUITests" */;
			buildPhases = (
				B511DD5B5E6F723550500EFB /* [CP] Check Pods Manifest.lock */,
				840C15ED2090523200715A95 /* Sources */,
				840C15EE2090523200715A95 /* Frameworks */,
				840C15EF2090523200715A95 /* Resources */,
			);
			buildRules = (
			);
			dependencies = (
				840C15F32090523200715A95 /* PBXTargetDependency */,
			);
			name = "stretch timerUITests";
			productName = "stretch timerUITests";
			productReference = 840C15F12090523200715A95 /* stretch timerUITests.xctest */;
			productType = "com.apple.product-type.bundle.ui-testing";
		};
/* End PBXNativeTarget section */

/* Begin PBXProject section */
		840C15CA2090523200715A95 /* Project object */ = {
			isa = PBXProject;
			attributes = {
				LastSwiftUpdateCheck = 0920;
				LastUpgradeCheck = 0920;
				ORGANIZATIONNAME = "Rimika Inoguchi";
				TargetAttributes = {
					840C15D12090523200715A95 = {
						CreatedOnToolsVersion = 9.2;
						ProvisioningStyle = Manual;
					};
					840C15E52090523200715A95 = {
						CreatedOnToolsVersion = 9.2;
						ProvisioningStyle = Automatic;
						TestTargetID = 840C15D12090523200715A95;
					};
					840C15F02090523200715A95 = {
						CreatedOnToolsVersion = 9.2;
						ProvisioningStyle = Automatic;
						TestTargetID = 840C15D12090523200715A95;
					};
				};
			};
			buildConfigurationList = 840C15CD2090523200715A95 /* Build configuration list for PBXProject "stretch timer" */;
			compatibilityVersion = "Xcode 8.0";
			developmentRegion = en;
			hasScannedForEncodings = 0;
			knownRegions = (
				en,
				Base,
			);
			mainGroup = 840C15C92090523200715A95;
			productRefGroup = 840C15D32090523200715A95 /* Products */;
			projectDirPath = "";
			projectRoot = "";
			targets = (
				840C15D12090523200715A95 /* stretch timer */,
				840C15E52090523200715A95 /* stretch timerTests */,
				840C15F02090523200715A95 /* stretch timerUITests */,
			);
		};
/* End PBXProject section */

/* Begin PBXResourcesBuildPhase section */
		840C15D02090523200715A95 /* Resources */ = {
			isa = PBXResourcesBuildPhase;
			buildActionMask = 2147483647;
			files = (
				847B1B9820A6BFDC00FDF921 /* MAN.png in Resources */,
				847B1B2020A5A7B100FDF921 /* CAMELIAE.TTF in Resources */,
				847B1BA720A6D66600FDF921 /* Summer Font Light.otf in Resources */,
				84E78DA220A84F7200C3780A /* ハート色3.png in Resources */,
				84E78DA820A986FA00C3780A /* Nexa Light.otf in Resources */,
				84E78DA420A8500800C3780A /* ハート色shiro.png in Resources */,
				84E78D9A20A84B0E00C3780A /* ハート色.png in Resources */,
				840C15E02090523200715A95 /* LaunchScreen.storyboard in Resources */,
				840C15DD2090523200715A95 /* Assets.xcassets in Resources */,
				840C15DB2090523200715A95 /* Main.storyboard in Resources */,
				842228FE20AADF0300961F83 /* timer2.png in Resources */,
				8422290420AAEBD800961F83 /* にんげん.png in Resources */,
				84E78D9E20A84B9500C3780A /* Audrey-Normal.otf in Resources */,
				84E78DB420AAD99B00C3780A /* icon.png in Resources */,
				84E78DAA20A9889400C3780A /* Nexa Bold.otf in Resources */,
				8422290220AAE03000961F83 /* timer3.png in Resources */,
				847B1B9A20A6C10D00FDF921 /* 女.png in Resources */,
				84E78DB820AADD7700C3780A /* timer1.png in Resources */,
			);
			runOnlyForDeploymentPostprocessing = 0;
		};
		840C15E42090523200715A95 /* Resources */ = {
			isa = PBXResourcesBuildPhase;
			buildActionMask = 2147483647;
			files = (
			);
			runOnlyForDeploymentPostprocessing = 0;
		};
		840C15EF2090523200715A95 /* Resources */ = {
			isa = PBXResourcesBuildPhase;
			buildActionMask = 2147483647;
			files = (
			);
			runOnlyForDeploymentPostprocessing = 0;
		};
/* End PBXResourcesBuildPhase section */

/* Begin PBXShellScriptBuildPhase section */
		6BB69F4C34816909F2556E0B /* [CP] Embed Pods Frameworks */ = {
			isa = PBXShellScriptBuildPhase;
			buildActionMask = 2147483647;
			files = (
			);
			inputPaths = (
				"${SRCROOT}/Pods/Target Support Files/Pods-stretch timer/Pods-stretch timer-frameworks.sh",
				"${BUILT_PRODUCTS_DIR}/Charts/Charts.framework",
			);
			name = "[CP] Embed Pods Frameworks";
			outputPaths = (
				"${TARGET_BUILD_DIR}/${FRAMEWORKS_FOLDER_PATH}/Charts.framework",
			);
			runOnlyForDeploymentPostprocessing = 0;
			shellPath = /bin/sh;
			shellScript = "\"${SRCROOT}/Pods/Target Support Files/Pods-stretch timer/Pods-stretch timer-frameworks.sh\"\n";
			showEnvVarsInLog = 0;
		};
		B511DD5B5E6F723550500EFB /* [CP] Check Pods Manifest.lock */ = {
			isa = PBXShellScriptBuildPhase;
			buildActionMask = 2147483647;
			files = (
			);
			inputPaths = (
				"${PODS_PODFILE_DIR_PATH}/Podfile.lock",
				"${PODS_ROOT}/Manifest.lock",
			);
			name = "[CP] Check Pods Manifest.lock";
			outputPaths = (
				"$(DERIVED_FILE_DIR)/Pods-stretch timerUITests-checkManifestLockResult.txt",
			);
			runOnlyForDeploymentPostprocessing = 0;
			shellPath = /bin/sh;
			shellScript = "diff \"${PODS_PODFILE_DIR_PATH}/Podfile.lock\" \"${PODS_ROOT}/Manifest.lock\" > /dev/null\nif [ $? != 0 ] ; then\n    # print error to STDERR\n    echo \"error: The sandbox is not in sync with the Podfile.lock. Run 'pod install' or update your CocoaPods installation.\" >&2\n    exit 1\nfi\n# This output is used by Xcode 'outputs' to avoid re-running this script phase.\necho \"SUCCESS\" > \"${SCRIPT_OUTPUT_FILE_0}\"\n";
			showEnvVarsInLog = 0;
		};
		D09216F5A813EAF3C87ABE37 /* [CP] Check Pods Manifest.lock */ = {
			isa = PBXShellScriptBuildPhase;
			buildActionMask = 2147483647;
			files = (
			);
			inputPaths = (
				"${PODS_PODFILE_DIR_PATH}/Podfile.lock",
				"${PODS_ROOT}/Manifest.lock",
			);
			name = "[CP] Check Pods Manifest.lock";
			outputPaths = (
				"$(DERIVED_FILE_DIR)/Pods-stretch timerTests-checkManifestLockResult.txt",
			);
			runOnlyForDeploymentPostprocessing = 0;
			shellPath = /bin/sh;
			shellScript = "diff \"${PODS_PODFILE_DIR_PATH}/Podfile.lock\" \"${PODS_ROOT}/Manifest.lock\" > /dev/null\nif [ $? != 0 ] ; then\n    # print error to STDERR\n    echo \"error: The sandbox is not in sync with the Podfile.lock. Run 'pod install' or update your CocoaPods installation.\" >&2\n    exit 1\nfi\n# This output is used by Xcode 'outputs' to avoid re-running this script phase.\necho \"SUCCESS\" > \"${SCRIPT_OUTPUT_FILE_0}\"\n";
			showEnvVarsInLog = 0;
		};
		FB072660098B4619F4CAB6B2 /* [CP] Check Pods Manifest.lock */ = {
			isa = PBXShellScriptBuildPhase;
			buildActionMask = 2147483647;
			files = (
			);
			inputPaths = (
				"${PODS_PODFILE_DIR_PATH}/Podfile.lock",
				"${PODS_ROOT}/Manifest.lock",
			);
			name = "[CP] Check Pods Manifest.lock";
			outputPaths = (
				"$(DERIVED_FILE_DIR)/Pods-stretch timer-checkManifestLockResult.txt",
			);
			runOnlyForDeploymentPostprocessing = 0;
			shellPath = /bin/sh;
			shellScript = "diff \"${PODS_PODFILE_DIR_PATH}/Podfile.lock\" \"${PODS_ROOT}/Manifest.lock\" > /dev/null\nif [ $? != 0 ] ; then\n    # print error to STDERR\n    echo \"error: The sandbox is not in sync with the Podfile.lock. Run 'pod install' or update your CocoaPods installation.\" >&2\n    exit 1\nfi\n# This output is used by Xcode 'outputs' to avoid re-running this script phase.\necho \"SUCCESS\" > \"${SCRIPT_OUTPUT_FILE_0}\"\n";
			showEnvVarsInLog = 0;
		};
/* End PBXShellScriptBuildPhase section */

/* Begin PBXSourcesBuildPhase section */
		840C15CE2090523200715A95 /* Sources */ = {
			isa = PBXSourcesBuildPhase;
			buildActionMask = 2147483647;
			files = (
				847B1BA920A6D78800FDF921 /* timer3ViewController.swift in Sources */,
				84E78DA620A853BF00C3780A /* timer4ViewController.swift in Sources */,
				8425749420A30F8800CCFB7F /* TimerViewController.swift in Sources */,
				84E78D9420A75D7800C3780A /* Profile2ViewController.swift in Sources */,
				847B1B9C20A6C24200FDF921 /* genderViewController.swift in Sources */,
				84E78DAC20A98F1000C3780A /* timer5ViewController.swift in Sources */,
				8425739920931A3900CCFB7F /* ProfileViewController.swift in Sources */,
				840C15D82090523200715A95 /* ViewController.swift in Sources */,
				840C15D62090523200715A95 /* AppDelegate.swift in Sources */,
				847B1BA020A6D13800FDF921 /* timerselectViewController.swift in Sources */,
				847B1B9E20A6CDEA00FDF921 /* timer2ViewController.swift in Sources */,
			);
			runOnlyForDeploymentPostprocessing = 0;
		};
		840C15E22090523200715A95 /* Sources */ = {
			isa = PBXSourcesBuildPhase;
			buildActionMask = 2147483647;
			files = (
				840C15EB2090523200715A95 /* stretch_timerTests.swift in Sources */,
			);
			runOnlyForDeploymentPostprocessing = 0;
		};
		840C15ED2090523200715A95 /* Sources */ = {
			isa = PBXSourcesBuildPhase;
			buildActionMask = 2147483647;
			files = (
				840C15F62090523200715A95 /* stretch_timerUITests.swift in Sources */,
			);
			runOnlyForDeploymentPostprocessing = 0;
		};
/* End PBXSourcesBuildPhase section */

/* Begin PBXTargetDependency section */
		840C15E82090523200715A95 /* PBXTargetDependency */ = {
			isa = PBXTargetDependency;
			target = 840C15D12090523200715A95 /* stretch timer */;
			targetProxy = 840C15E72090523200715A95 /* PBXContainerItemProxy */;
		};
		840C15F32090523200715A95 /* PBXTargetDependency */ = {
			isa = PBXTargetDependency;
			target = 840C15D12090523200715A95 /* stretch timer */;
			targetProxy = 840C15F22090523200715A95 /* PBXContainerItemProxy */;
		};
/* End PBXTargetDependency section */

/* Begin PBXVariantGroup section */
		840C15D92090523200715A95 /* Main.storyboard */ = {
			isa = PBXVariantGroup;
			children = (
				840C15DA2090523200715A95 /* Base */,
			);
			name = Main.storyboard;
			sourceTree = "<group>";
		};
		840C15DE2090523200715A95 /* LaunchScreen.storyboard */ = {
			isa = PBXVariantGroup;
			children = (
				840C15DF2090523200715A95 /* Base */,
			);
			name = LaunchScreen.storyboard;
			sourceTree = "<group>";
		};
/* End PBXVariantGroup section */

/* Begin XCBuildConfiguration section */
		840C15F82090523200715A95 /* Debug */ = {
			isa = XCBuildConfiguration;
			buildSettings = {
				ALWAYS_SEARCH_USER_PATHS = NO;
				CLANG_ANALYZER_NONNULL = YES;
				CLANG_ANALYZER_NUMBER_OBJECT_CONVERSION = YES_AGGRESSIVE;
				CLANG_CXX_LANGUAGE_STANDARD = "gnu++14";
				CLANG_CXX_LIBRARY = "libc++";
				CLANG_ENABLE_MODULES = YES;
				CLANG_ENABLE_OBJC_ARC = YES;
				CLANG_WARN_BLOCK_CAPTURE_AUTORELEASING = YES;
				CLANG_WARN_BOOL_CONVERSION = YES;
				CLANG_WARN_COMMA = YES;
				CLANG_WARN_CONSTANT_CONVERSION = YES;
				CLANG_WARN_DIRECT_OBJC_ISA_USAGE = YES_ERROR;
				CLANG_WARN_DOCUMENTATION_COMMENTS = YES;
				CLANG_WARN_EMPTY_BODY = YES;
				CLANG_WARN_ENUM_CONVERSION = YES;
				CLANG_WARN_INFINITE_RECURSION = YES;
				CLANG_WARN_INT_CONVERSION = YES;
				CLANG_WARN_NON_LITERAL_NULL_CONVERSION = YES;
				CLANG_WARN_OBJC_LITERAL_CONVERSION = YES;
				CLANG_WARN_OBJC_ROOT_CLASS = YES_ERROR;
				CLANG_WARN_RANGE_LOOP_ANALYSIS = YES;
				CLANG_WARN_STRICT_PROTOTYPES = YES;
				CLANG_WARN_SUSPICIOUS_MOVE = YES;
				CLANG_WARN_UNGUARDED_AVAILABILITY = YES_AGGRESSIVE;
				CLANG_WARN_UNREACHABLE_CODE = YES;
				CLANG_WARN__DUPLICATE_METHOD_MATCH = YES;
				CODE_SIGN_IDENTITY = "iPhone Developer";
				COPY_PHASE_STRIP = NO;
				DEBUG_INFORMATION_FORMAT = dwarf;
				ENABLE_STRICT_OBJC_MSGSEND = YES;
				ENABLE_TESTABILITY = YES;
				GCC_C_LANGUAGE_STANDARD = gnu11;
				GCC_DYNAMIC_NO_PIC = NO;
				GCC_NO_COMMON_BLOCKS = YES;
				GCC_OPTIMIZATION_LEVEL = 0;
				GCC_PREPROCESSOR_DEFINITIONS = (
					"DEBUG=1",
					"$(inherited)",
				);
				GCC_WARN_64_TO_32_BIT_CONVERSION = YES;
				GCC_WARN_ABOUT_RETURN_TYPE = YES_ERROR;
				GCC_WARN_UNDECLARED_SELECTOR = YES;
				GCC_WARN_UNINITIALIZED_AUTOS = YES_AGGRESSIVE;
				GCC_WARN_UNUSED_FUNCTION = YES;
				GCC_WARN_UNUSED_VARIABLE = YES;
				IPHONEOS_DEPLOYMENT_TARGET = 11.2;
				MTL_ENABLE_DEBUG_INFO = YES;
				ONLY_ACTIVE_ARCH = YES;
				SDKROOT = iphoneos;
				SWIFT_ACTIVE_COMPILATION_CONDITIONS = DEBUG;
				SWIFT_OPTIMIZATION_LEVEL = "-Onone";
			};
			name = Debug;
		};
		840C15F92090523200715A95 /* Release */ = {
			isa = XCBuildConfiguration;
			buildSettings = {
				ALWAYS_SEARCH_USER_PATHS = NO;
				CLANG_ANALYZER_NONNULL = YES;
				CLANG_ANALYZER_NUMBER_OBJECT_CONVERSION = YES_AGGRESSIVE;
				CLANG_CXX_LANGUAGE_STANDARD = "gnu++14";
				CLANG_CXX_LIBRARY = "libc++";
				CLANG_ENABLE_MODULES = YES;
				CLANG_ENABLE_OBJC_ARC = YES;
				CLANG_WARN_BLOCK_CAPTURE_AUTORELEASING = YES;
				CLANG_WARN_BOOL_CONVERSION = YES;
				CLANG_WARN_COMMA = YES;
				CLANG_WARN_CONSTANT_CONVERSION = YES;
				CLANG_WARN_DIRECT_OBJC_ISA_USAGE = YES_ERROR;
				CLANG_WARN_DOCUMENTATION_COMMENTS = YES;
				CLANG_WARN_EMPTY_BODY = YES;
				CLANG_WARN_ENUM_CONVERSION = YES;
				CLANG_WARN_INFINITE_RECURSION = YES;
				CLANG_WARN_INT_CONVERSION = YES;
				CLANG_WARN_NON_LITERAL_NULL_CONVERSION = YES;
				CLANG_WARN_OBJC_LITERAL_CONVERSION = YES;
				CLANG_WARN_OBJC_ROOT_CLASS = YES_ERROR;
				CLANG_WARN_RANGE_LOOP_ANALYSIS = YES;
				CLANG_WARN_STRICT_PROTOTYPES = YES;
				CLANG_WARN_SUSPICIOUS_MOVE = YES;
				CLANG_WARN_UNGUARDED_AVAILABILITY = YES_AGGRESSIVE;
				CLANG_WARN_UNREACHABLE_CODE = YES;
				CLANG_WARN__DUPLICATE_METHOD_MATCH = YES;
				CODE_SIGN_IDENTITY = "iPhone Developer";
				COPY_PHASE_STRIP = NO;
				DEBUG_INFORMATION_FORMAT = "dwarf-with-dsym";
				ENABLE_NS_ASSERTIONS = NO;
				ENABLE_STRICT_OBJC_MSGSEND = YES;
				GCC_C_LANGUAGE_STANDARD = gnu11;
				GCC_NO_COMMON_BLOCKS = YES;
				GCC_WARN_64_TO_32_BIT_CONVERSION = YES;
				GCC_WARN_ABOUT_RETURN_TYPE = YES_ERROR;
				GCC_WARN_UNDECLARED_SELECTOR = YES;
				GCC_WARN_UNINITIALIZED_AUTOS = YES_AGGRESSIVE;
				GCC_WARN_UNUSED_FUNCTION = YES;
				GCC_WARN_UNUSED_VARIABLE = YES;
				IPHONEOS_DEPLOYMENT_TARGET = 11.2;
				MTL_ENABLE_DEBUG_INFO = NO;
				SDKROOT = iphoneos;
				SWIFT_OPTIMIZATION_LEVEL = "-Owholemodule";
				VALIDATE_PRODUCT = YES;
			};
			name = Release;
		};
		840C15FB2090523200715A95 /* Debug */ = {
			isa = XCBuildConfiguration;
			baseConfigurationReference = D1AB5D1617D2BA5E4DD70B15 /* Pods-stretch timer.debug.xcconfig */;
			buildSettings = {
				ASSETCATALOG_COMPILER_APPICON_NAME = AppIcon;
				"CODE_SIGN_IDENTITY[sdk=iphoneos*]" = "iPhone Distribution";
				CODE_SIGN_STYLE = Manual;
				DEVELOPMENT_TEAM = 2K446D59RQ;
				INFOPLIST_FILE = "stretch timer/Info.plist";
				IPHONEOS_DEPLOYMENT_TARGET = 10.3;
				LD_RUNPATH_SEARCH_PATHS = "$(inherited) @executable_path/Frameworks";
				PRODUCT_BUNDLE_IDENTIFIER = jp.co.lifeistech.stretchtimer;
				PRODUCT_NAME = "$(TARGET_NAME)";
				PROVISIONING_PROFILE = "1e814774-a466-4423-9308-a8094a728dfa";
				PROVISIONING_PROFILE_SPECIFIER = "L10-RimikaInoguchi-Distribution";
				SWIFT_VERSION = 4.0;
				TARGETED_DEVICE_FAMILY = "1,2";
			};
			name = Debug;
		};
		840C15FC2090523200715A95 /* Release */ = {
			isa = XCBuildConfiguration;
			baseConfigurationReference = 85AA92F78695BEBD12C86F8F /* Pods-stretch timer.release.xcconfig */;
			buildSettings = {
				ASSETCATALOG_COMPILER_APPICON_NAME = AppIcon;
				"CODE_SIGN_IDENTITY[sdk=iphoneos*]" = "iPhone Distribution";
				CODE_SIGN_STYLE = Manual;
				DEVELOPMENT_TEAM = 2K446D59RQ;
				INFOPLIST_FILE = "stretch timer/Info.plist";
				IPHONEOS_DEPLOYMENT_TARGET = 10.3;
				LD_RUNPATH_SEARCH_PATHS = "$(inherited) @executable_path/Frameworks";
				PRODUCT_BUNDLE_IDENTIFIER = jp.co.lifeistech.stretchtimer;
				PRODUCT_NAME = "$(TARGET_NAME)";
				PROVISIONING_PROFILE = "1e814774-a466-4423-9308-a8094a728dfa";
				PROVISIONING_PROFILE_SPECIFIER = "L10-RimikaInoguchi-Distribution";
				SWIFT_VERSION = 4.0;
				TARGETED_DEVICE_FAMILY = "1,2";
			};
			name = Release;
		};
		840C15FE2090523200715A95 /* Debug */ = {
			isa = XCBuildConfiguration;
			baseConfigurationReference = CF775C5FA1345B350B3AB14B /* Pods-stretch timerTests.debug.xcconfig */;
			buildSettings = {
				ALWAYS_EMBED_SWIFT_STANDARD_LIBRARIES = YES;
				BUNDLE_LOADER = "$(TEST_HOST)";
				CODE_SIGN_STYLE = Automatic;
				INFOPLIST_FILE = "stretch timerTests/Info.plist";
				LD_RUNPATH_SEARCH_PATHS = "$(inherited) @executable_path/Frameworks @loader_path/Frameworks";
				PRODUCT_BUNDLE_IDENTIFIER = "com.littech.stretch-timerTests";
				PRODUCT_NAME = "$(TARGET_NAME)";
				SWIFT_VERSION = 4.0;
				TARGETED_DEVICE_FAMILY = "1,2";
				TEST_HOST = "$(BUILT_PRODUCTS_DIR)/stretch timer.app/stretch timer";
			};
			name = Debug;
		};
		840C15FF2090523200715A95 /* Release */ = {
			isa = XCBuildConfiguration;
			baseConfigurationReference = A754E25EBD3D0D8E6509A3BB /* Pods-stretch timerTests.release.xcconfig */;
			buildSettings = {
				ALWAYS_EMBED_SWIFT_STANDARD_LIBRARIES = YES;
				BUNDLE_LOADER = "$(TEST_HOST)";
				CODE_SIGN_STYLE = Automatic;
				INFOPLIST_FILE = "stretch timerTests/Info.plist";
				LD_RUNPATH_SEARCH_PATHS = "$(inherited) @executable_path/Frameworks @loader_path/Frameworks";
				PRODUCT_BUNDLE_IDENTIFIER = "com.littech.stretch-timerTests";
				PRODUCT_NAME = "$(TARGET_NAME)";
				SWIFT_VERSION = 4.0;
				TARGETED_DEVICE_FAMILY = "1,2";
				TEST_HOST = "$(BUILT_PRODUCTS_DIR)/stretch timer.app/stretch timer";
			};
			name = Release;
		};
		840C16012090523200715A95 /* Debug */ = {
			isa = XCBuildConfiguration;
			baseConfigurationReference = C3C02A727891B1266ECDCF31 /* Pods-stretch timerUITests.debug.xcconfig */;
			buildSettings = {
				ALWAYS_EMBED_SWIFT_STANDARD_LIBRARIES = YES;
				CODE_SIGN_STYLE = Automatic;
				INFOPLIST_FILE = "stretch timerUITests/Info.plist";
				LD_RUNPATH_SEARCH_PATHS = "$(inherited) @executable_path/Frameworks @loader_path/Frameworks";
				PRODUCT_BUNDLE_IDENTIFIER = "com.littech.stretch-timerUITests";
				PRODUCT_NAME = "$(TARGET_NAME)";
				SWIFT_VERSION = 4.0;
				TARGETED_DEVICE_FAMILY = "1,2";
				TEST_TARGET_NAME = "stretch timer";
			};
			name = Debug;
		};
		840C16022090523200715A95 /* Release */ = {
			isa = XCBuildConfiguration;
			baseConfigurationReference = C03206369B915281E234EE2B /* Pods-stretch timerUITests.release.xcconfig */;
			buildSettings = {
				ALWAYS_EMBED_SWIFT_STANDARD_LIBRARIES = YES;
				CODE_SIGN_STYLE = Automatic;
				INFOPLIST_FILE = "stretch timerUITests/Info.plist";
				LD_RUNPATH_SEARCH_PATHS = "$(inherited) @executable_path/Frameworks @loader_path/Frameworks";
				PRODUCT_BUNDLE_IDENTIFIER = "com.littech.stretch-timerUITests";
				PRODUCT_NAME = "$(TARGET_NAME)";
				SWIFT_VERSION = 4.0;
				TARGETED_DEVICE_FAMILY = "1,2";
				TEST_TARGET_NAME = "stretch timer";
			};
			name = Release;
		};
/* End XCBuildConfiguration section */

/* Begin XCConfigurationList section */
		840C15CD2090523200715A95 /* Build configuration list for PBXProject "stretch timer" */ = {
			isa = XCConfigurationList;
			buildConfigurations = (
				840C15F82090523200715A95 /* Debug */,
				840C15F92090523200715A95 /* Release */,
			);
			defaultConfigurationIsVisible = 0;
			defaultConfigurationName = Release;
		};
		840C15FA2090523200715A95 /* Build configuration list for PBXNativeTarget "stretch timer" */ = {
			isa = XCConfigurationList;
			buildConfigurations = (
				840C15FB2090523200715A95 /* Debug */,
				840C15FC2090523200715A95 /* Release */,
			);
			defaultConfigurationIsVisible = 0;
			defaultConfigurationName = Release;
		};
		840C15FD2090523200715A95 /* Build configuration list for PBXNativeTarget "stretch timerTests" */ = {
			isa = XCConfigurationList;
			buildConfigurations = (
				840C15FE2090523200715A95 /* Debug */,
				840C15FF2090523200715A95 /* Release */,
			);
			defaultConfigurationIsVisible = 0;
			defaultConfigurationName = Release;
		};
		840C16002090523200715A95 /* Build configuration list for PBXNativeTarget "stretch timerUITests" */ = {
			isa = XCConfigurationList;
			buildConfigurations = (
				840C16012090523200715A95 /* Debug */,
				840C16022090523200715A95 /* Release */,
			);
			defaultConfigurationIsVisible = 0;
			defaultConfigurationName = Release;
		};
/* End XCConfigurationList section */
	};
	rootObject = 840C15CA2090523200715A95 /* Project object */;
}
